
Microsoft Visual Studio Solution File, Format Version 12.00
# Visual Studio 14
VisualStudioVersion = 14.0.25420.1
MinimumVisualStudioVersion = 10.0.40219.1
Project("{FAE04EC0-301F-11D3-BF4B-00C04F79EFBC}") = "ADO.NET.Common", "Lazywg.ADO.NET\ADO.NET.Common\ADO.NET.Common.csproj", "{E48D30F1-87C2-40F5-BB54-D7CFA6CFD369}"
EndProject
Project("{FAE04EC0-301F-11D3-BF4B-00C04F79EFBC}") = "ADO.NET.Model", "Lazywg.ADO.NET\ADO.NET.Model\ADO.NET.Model.csproj", "{12AB9910-9A84-41D3-A500-27D829AEBC81}"
EndProject
Project("{FAE04EC0-301F-11D3-BF4B-00C04F79EFBC}") = "ADO.NET.DBInterface", "Lazywg.ADO.NET\ADO.NET.DBInterface\ADO.NET.DBInterface.csproj", "{65891FC9-B202-4AE0-8CD0-A67664C21487}"
EndProject
Project("{FAE04EC0-301F-11D3-BF4B-00C04F79EFBC}") = "ADO.NET.DBImplement", "Lazywg.ADO.NET\ADO.NET.DBImplement\ADO.NET.DBImplement.csproj", "{4F96311D-EAE1-424C-B538-3EF8D126F2BF}"
EndProject
Project("{FAE04EC0-301F-11D3-BF4B-00C04F79EFBC}") = "ADO.NET.SqlHelper", "Lazywg.ADO.NET\ADO.NET.SqlHelper\ADO.NET.SqlHelper.csproj", "{00C9D5EC-F97B-4844-B6D9-1DE2BB42732B}"
EndProject
Global
	GlobalSection(SolutionConfigurationPlatforms) = preSolution
		Debug|Any CPU = Debug|Any CPU
		Release|Any CPU = Release|Any CPU
	EndGlobalSection
	GlobalSection(ProjectConfigurationPlatforms) = postSolution
		{E48D30F1-87C2-40F5-BB54-D7CFA6CFD369}.Debug|Any CPU.ActiveCfg = Debug|Any CPU
		{E48D30F1-87C2-40F5-BB54-D7CFA6CFD369}.Debug|Any CPU.Build.0 = Debug|Any CPU
		{E48D30F1-87C2-40F5-BB54-D7CFA6CFD369}.Release|Any CPU.ActiveCfg = Release|Any CPU
		{E48D30F1-87C2-40F5-BB54-D7CFA6CFD369}.Release|Any CPU.Build.0 = Release|Any CPU
		{12AB9910-9A84-41D3-A500-27D829AEBC81}.Debug|Any CPU.ActiveCfg = Debug|Any CPU
		{12AB9910-9A84-41D3-A500-27D829AEBC81}.Debug|Any CPU.Build.0 = Debug|Any CPU
		{12AB9910-9A84-41D3-A500-27D829AEBC81}.Release|Any CPU.ActiveCfg = Release|Any CPU
		{12AB9910-9A84-41D3-A500-27D829AEBC81}.Release|Any CPU.Build.0 = Release|Any CPU
		{65891FC9-B202-4AE0-8CD0-A67664C21487}.Debug|Any CPU.ActiveCfg = Debug|Any CPU
		{65891FC9-B202-4AE0-8CD0-A67664C21487}.Debug|Any CPU.Build.0 = Debug|Any CPU
		{65891FC9-B202-4AE0-8CD0-A67664C21487}.Release|Any CPU.ActiveCfg = Release|Any CPU
		{65891FC9-B202-4AE0-8CD0-A67664C21487}.Release|Any CPU.Build.0 = Release|Any CPU
		{4F96311D-EAE1-424C-B538-3EF8D126F2BF}.Debug|Any CPU.ActiveCfg = Debug|Any CPU
		{4F96311D-EAE1-424C-B538-3EF8D126F2BF}.Debug|Any CPU.Build.0 = Debug|Any CPU
		{4F96311D-EAE1-424C-B538-3EF8D126F2BF}.Release|Any CPU.ActiveCfg = Release|Any CPU
		{4F96311D-EAE1-424C-B538-3EF8D126F2BF}.Release|Any CPU.Build.0 = Release|Any CPU
		{00C9D5EC-F97B-4844-B6D9-1DE2BB42732B}.Debug|Any CPU.ActiveCfg = Debug|Any CPU
		{00C9D5EC-F97B-4844-B6D9-1DE2BB42732B}.Debug|Any CPU.Build.0 = Debug|Any CPU
		{00C9D5EC-F97B-4844-B6D9-1DE2BB42732B}.Release|Any CPU.ActiveCfg = Release|Any CPU
		{00C9D5EC-F97B-4844-B6D9-1DE2BB42732B}.Release|Any CPU.Build.0 = Release|Any CPU
	EndGlobalSection
	GlobalSection(SolutionProperties) = preSolution
		HideSolutionNode = FALSE
	EndGlobalSection
EndGlobal
