
Microsoft Visual Studio Solution File, Format Version 12.00
# Visual Studio 14
VisualStudioVersion = 14.0.25420.1
MinimumVisualStudioVersion = 10.0.40219.1
Project("{FAE04EC0-301F-11D3-BF4B-00C04F79EFBC}") = "RemoteServer", "WGRemoting\RemoteServer\RemoteServer.csproj", "{4730DF5E-8C3B-4429-9205-72D2017EB09F}"
EndProject
Project("{FAE04EC0-301F-11D3-BF4B-00C04F79EFBC}") = "RemoteClient", "WGRemoting\RemoteClient\RemoteClient.csproj", "{A4C7F429-AA00-4FB8-B5CC-E83F93FB92B9}"
EndProject
Project("{FAE04EC0-301F-11D3-BF4B-00C04F79EFBC}") = "RemoteModel", "WGRemoting\RemoteModel\RemoteModel.csproj", "{515CD857-DAE1-494F-8D17-42B23441496D}"
EndProject
Project("{FAE04EC0-301F-11D3-BF4B-00C04F79EFBC}") = "RemoteHelper", "WGRemoting\RemoteHelper\RemoteHelper.csproj", "{48E105F8-97D2-4A00-A74A-D1E502AD8187}"
EndProject
Global
	GlobalSection(SolutionConfigurationPlatforms) = preSolution
		Debug|Any CPU = Debug|Any CPU
		Release|Any CPU = Release|Any CPU
	EndGlobalSection
	GlobalSection(ProjectConfigurationPlatforms) = postSolution
		{4730DF5E-8C3B-4429-9205-72D2017EB09F}.Debug|Any CPU.ActiveCfg = Debug|Any CPU
		{4730DF5E-8C3B-4429-9205-72D2017EB09F}.Debug|Any CPU.Build.0 = Debug|Any CPU
		{4730DF5E-8C3B-4429-9205-72D2017EB09F}.Release|Any CPU.ActiveCfg = Release|Any CPU
		{4730DF5E-8C3B-4429-9205-72D2017EB09F}.Release|Any CPU.Build.0 = Release|Any CPU
		{A4C7F429-AA00-4FB8-B5CC-E83F93FB92B9}.Debug|Any CPU.ActiveCfg = Debug|Any CPU
		{A4C7F429-AA00-4FB8-B5CC-E83F93FB92B9}.Debug|Any CPU.Build.0 = Debug|Any CPU
		{A4C7F429-AA00-4FB8-B5CC-E83F93FB92B9}.Release|Any CPU.ActiveCfg = Release|Any CPU
		{A4C7F429-AA00-4FB8-B5CC-E83F93FB92B9}.Release|Any CPU.Build.0 = Release|Any CPU
		{515CD857-DAE1-494F-8D17-42B23441496D}.Debug|Any CPU.ActiveCfg = Debug|Any CPU
		{515CD857-DAE1-494F-8D17-42B23441496D}.Debug|Any CPU.Build.0 = Debug|Any CPU
		{515CD857-DAE1-494F-8D17-42B23441496D}.Release|Any CPU.ActiveCfg = Release|Any CPU
		{515CD857-DAE1-494F-8D17-42B23441496D}.Release|Any CPU.Build.0 = Release|Any CPU
		{48E105F8-97D2-4A00-A74A-D1E502AD8187}.Debug|Any CPU.ActiveCfg = Debug|Any CPU
		{48E105F8-97D2-4A00-A74A-D1E502AD8187}.Debug|Any CPU.Build.0 = Debug|Any CPU
		{48E105F8-97D2-4A00-A74A-D1E502AD8187}.Release|Any CPU.ActiveCfg = Release|Any CPU
		{48E105F8-97D2-4A00-A74A-D1E502AD8187}.Release|Any CPU.Build.0 = Release|Any CPU
	EndGlobalSection
	GlobalSection(SolutionProperties) = preSolution
		HideSolutionNode = FALSE
	EndGlobalSection
EndGlobal
